
Microsoft Visual Studio Solution File, Format Version 12.00
# Visual Studio 2012
Project("{FAE04EC0-301F-11D3-BF4B-00C04F79EFBC}") = "MessageBusFun", "MessageBusFun\MessageBusFun.csproj", "{AC874488-C279-49E8-9205-6CD6BCEA1AE9}"
EndProject
Project("{FAE04EC0-301F-11D3-BF4B-00C04F79EFBC}") = "MessageBusFunTests", "MessageBusFunTests\MessageBusFunTests.csproj", "{0665E9F7-6318-4D30-B2A2-12EB2DCF9423}"
EndProject
Global
	GlobalSection(SolutionConfigurationPlatforms) = preSolution
		Debug|Any CPU = Debug|Any CPU
		Release|Any CPU = Release|Any CPU
	EndGlobalSection
	GlobalSection(ProjectConfigurationPlatforms) = postSolution
		{AC874488-C279-49E8-9205-6CD6BCEA1AE9}.Debug|Any CPU.ActiveCfg = Debug|Any CPU
		{AC874488-C279-49E8-9205-6CD6BCEA1AE9}.Debug|Any CPU.Build.0 = Debug|Any CPU
		{AC874488-C279-49E8-9205-6CD6BCEA1AE9}.Release|Any CPU.ActiveCfg = Release|Any CPU
		{AC874488-C279-49E8-9205-6CD6BCEA1AE9}.Release|Any CPU.Build.0 = Release|Any CPU
		{0665E9F7-6318-4D30-B2A2-12EB2DCF9423}.Debug|Any CPU.ActiveCfg = Debug|Any CPU
		{0665E9F7-6318-4D30-B2A2-12EB2DCF9423}.Debug|Any CPU.Build.0 = Debug|Any CPU
		{0665E9F7-6318-4D30-B2A2-12EB2DCF9423}.Release|Any CPU.ActiveCfg = Release|Any CPU
		{0665E9F7-6318-4D30-B2A2-12EB2DCF9423}.Release|Any CPU.Build.0 = Release|Any CPU
	EndGlobalSection
	GlobalSection(SolutionProperties) = preSolution
		HideSolutionNode = FALSE
	EndGlobalSection
EndGlobal
